Microsoft Visual Studio Solution File, Format Version 11.00
# Visual Studio 2008

Project("{AD4A5940-E655-39DE-3F9B-C3BE875DDEA7}") = "FoustRL", "Assembly-CSharp-firstpass.csproj", "{CE8DD633-67F8-635D-7F43-DA15BEEDFBDF}"
EndProject
Project("{AD4A5940-E655-39DE-3F9B-C3BE875DDEA7}") = "FoustRL", "Assembly-CSharp.csproj", "{48CCBDA0-4F2F-A81D-36A6-99182E1BA361}"
EndProject
Global
	GlobalSection(SolutionConfigurationPlatforms) = preSolution
		Debug|Any CPU = Debug|Any CPU
		Release|Any CPU = Release|Any CPU
	EndGlobalSection
	GlobalSection(ProjectConfigurationPlatforms) = postSolution
		{CE8DD633-67F8-635D-7F43-DA15BEEDFBDF}.Debug|Any CPU.ActiveCfg = Debug|Any CPU
		{CE8DD633-67F8-635D-7F43-DA15BEEDFBDF}.Debug|Any CPU.Build.0 = Debug|Any CPU
		{CE8DD633-67F8-635D-7F43-DA15BEEDFBDF}.Release|Any CPU.ActiveCfg = Release|Any CPU
		{CE8DD633-67F8-635D-7F43-DA15BEEDFBDF}.Release|Any CPU.Build.0 = Release|Any CPU
		{48CCBDA0-4F2F-A81D-36A6-99182E1BA361}.Debug|Any CPU.ActiveCfg = Debug|Any CPU
		{48CCBDA0-4F2F-A81D-36A6-99182E1BA361}.Debug|Any CPU.Build.0 = Debug|Any CPU
		{48CCBDA0-4F2F-A81D-36A6-99182E1BA361}.Release|Any CPU.ActiveCfg = Release|Any CPU
		{48CCBDA0-4F2F-A81D-36A6-99182E1BA361}.Release|Any CPU.Build.0 = Release|Any CPU
	EndGlobalSection
	GlobalSection(SolutionProperties) = preSolution
		HideSolutionNode = FALSE
	EndGlobalSection
																									GlobalSection(MonoDevelopProperties) = preSolution
		StartupItem = Assembly-CSharp.csproj
		Policies = $0
		$0.TextStylePolicy = $1
		$1.inheritsSet = null
		$1.scope = text/x-csharp
		$0.CSharpFormattingPolicy = $2
		$2.inheritsSet = Mono
		$2.inheritsScope = text/x-csharp
		$2.scope = text/x-csharp
		$0.TextStylePolicy = $3
		$3.FileWidth = 120
		$3.TabWidth = 4
		$3.EolMarker = Unix
		$3.inheritsSet = Mono
		$3.inheritsScope = text/plain
		$3.scope = text/plain
	EndGlobalSection

EndGlobal
